
Microsoft Visual Studio Solution File, Format Version 12.00
# Visual Studio 15
VisualStudioVersion = 15.0.27703.2000
MinimumVisualStudioVersion = 10.0.40219.1
Project("{8BC9CEB8-8B4A-11D0-8D11-00A0C91BC942}") = "VisualSFMLtesti1", "VisualSFMLtesti1\VisualSFMLtesti1.vcxproj", "{BD8CDD38-D71B-4A18-AD72-7C8E845A7C25}"
EndProject
Global
	GlobalSection(SolutionConfigurationPlatforms) = preSolution
		Debug|x64 = Debug|x64
		Release|x64 = Release|x64
	EndGlobalSection
	GlobalSection(ProjectConfigurationPlatforms) = postSolution
		{BD8CDD38-D71B-4A18-AD72-7C8E845A7C25}.Debug|x64.ActiveCfg = Debug|x64
		{BD8CDD38-D71B-4A18-AD72-7C8E845A7C25}.Debug|x64.Build.0 = Debug|x64
		{BD8CDD38-D71B-4A18-AD72-7C8E845A7C25}.Release|x64.ActiveCfg = Release|x64
		{BD8CDD38-D71B-4A18-AD72-7C8E845A7C25}.Release|x64.Build.0 = Release|x64
	EndGlobalSection
	GlobalSection(SolutionProperties) = preSolution
		HideSolutionNode = FALSE
	EndGlobalSection
	GlobalSection(ExtensibilityGlobals) = postSolution
		SolutionGuid = {501EBD59-EA9B-4F24-A4EB-DF8E62EB73AC}
	EndGlobalSection
EndGlobal
